
Microsoft Visual Studio Solution File, Format Version 11.00
# Visual Studio 2010
Project("{FAE04EC0-301F-11D3-BF4B-00C04F79EFBC}") = "EmotivTetris", "EmotivTetris.csproj", "{DB726B50-877A-4ED9-B8B4-B398F2EC7987}"
EndProject
Project("{FAE04EC0-301F-11D3-BF4B-00C04F79EFBC}") = "DotNetEmotivSDK", "..\EmotivSdk\examples_basic\C#\DotNetEmotivSDK\DotNetEmotivSDK.csproj", "{D3337309-9682-425E-8EDC-2ECFACF79565}"
EndProject
Global
	GlobalSection(SolutionConfigurationPlatforms) = preSolution
		Debug|Any CPU = Debug|Any CPU
		Debug|x64 = Debug|x64
		Debug|x86 = Debug|x86
		Release|Any CPU = Release|Any CPU
		Release|x64 = Release|x64
		Release|x86 = Release|x86
	EndGlobalSection
	GlobalSection(ProjectConfigurationPlatforms) = postSolution
		{DB726B50-877A-4ED9-B8B4-B398F2EC7987}.Debug|Any CPU.ActiveCfg = Debug|Any CPU
		{DB726B50-877A-4ED9-B8B4-B398F2EC7987}.Debug|Any CPU.Build.0 = Debug|Any CPU
		{DB726B50-877A-4ED9-B8B4-B398F2EC7987}.Debug|x64.ActiveCfg = Debug|x64
		{DB726B50-877A-4ED9-B8B4-B398F2EC7987}.Debug|x64.Build.0 = Debug|x64
		{DB726B50-877A-4ED9-B8B4-B398F2EC7987}.Debug|x86.ActiveCfg = Debug|x86
		{DB726B50-877A-4ED9-B8B4-B398F2EC7987}.Debug|x86.Build.0 = Debug|x86
		{DB726B50-877A-4ED9-B8B4-B398F2EC7987}.Release|Any CPU.ActiveCfg = Release|Any CPU
		{DB726B50-877A-4ED9-B8B4-B398F2EC7987}.Release|Any CPU.Build.0 = Release|Any CPU
		{DB726B50-877A-4ED9-B8B4-B398F2EC7987}.Release|x64.ActiveCfg = Release|x64
		{DB726B50-877A-4ED9-B8B4-B398F2EC7987}.Release|x64.Build.0 = Release|x64
		{DB726B50-877A-4ED9-B8B4-B398F2EC7987}.Release|x86.ActiveCfg = Release|x86
		{DB726B50-877A-4ED9-B8B4-B398F2EC7987}.Release|x86.Build.0 = Release|x86
		{D3337309-9682-425E-8EDC-2ECFACF79565}.Debug|Any CPU.ActiveCfg = Debug|Any CPU
		{D3337309-9682-425E-8EDC-2ECFACF79565}.Debug|Any CPU.Build.0 = Debug|Any CPU
		{D3337309-9682-425E-8EDC-2ECFACF79565}.Debug|x64.ActiveCfg = Debug|x64
		{D3337309-9682-425E-8EDC-2ECFACF79565}.Debug|x64.Build.0 = Debug|x64
		{D3337309-9682-425E-8EDC-2ECFACF79565}.Debug|x86.ActiveCfg = Debug|x86
		{D3337309-9682-425E-8EDC-2ECFACF79565}.Debug|x86.Build.0 = Debug|x86
		{D3337309-9682-425E-8EDC-2ECFACF79565}.Release|Any CPU.ActiveCfg = Release|Any CPU
		{D3337309-9682-425E-8EDC-2ECFACF79565}.Release|Any CPU.Build.0 = Release|Any CPU
		{D3337309-9682-425E-8EDC-2ECFACF79565}.Release|x64.ActiveCfg = Release|x64
		{D3337309-9682-425E-8EDC-2ECFACF79565}.Release|x64.Build.0 = Release|x64
		{D3337309-9682-425E-8EDC-2ECFACF79565}.Release|x86.ActiveCfg = Release|x86
		{D3337309-9682-425E-8EDC-2ECFACF79565}.Release|x86.Build.0 = Release|x86
	EndGlobalSection
	GlobalSection(SolutionProperties) = preSolution
		HideSolutionNode = FALSE
	EndGlobalSection
EndGlobal
